
Microsoft Visual Studio Solution File, Format Version 12.00
# Visual Studio Version 17
VisualStudioVersion = 17.14.36518.9
MinimumVisualStudioVersion = 10.0.40219.1
Project("{FAE04EC0-301F-11D3-BF4B-00C04F79EFBC}") = "API", "WIN.AGDATA.WIN.API\API.csproj", "{DB9D455A-8A79-43FF-B034-06524D5D6FBB}"
EndProject
Project("{FAE04EC0-301F-11D3-BF4B-00C04F79EFBC}") = "Domain", "Domain\Domain.csproj", "{B00E4A5B-AB79-4681-AD79-8EB5E27412A5}"
EndProject
Project("{FAE04EC0-301F-11D3-BF4B-00C04F79EFBC}") = "INFRASTRUCTURE", "INFRASTRUCTURE\INFRASTRUCTURE.csproj", "{BA48DC1A-C9D0-4897-98E3-B699BF1B954F}"
EndProject
Project("{FAE04EC0-301F-11D3-BF4B-00C04F79EFBC}") = "APPLICATION", "APPLICATION\APPLICATION.csproj", "{E3467910-56ED-4537-AC8F-56DC157D183B}"
EndProject
Project("{FAE04EC0-301F-11D3-BF4B-00C04F79EFBC}") = "TEST", "TEST\TEST.csproj", "{5DD812D2-0B7D-48B5-B162-33211D78EA91}"
EndProject
Global
	GlobalSection(SolutionConfigurationPlatforms) = preSolution
		Debug|Any CPU = Debug|Any CPU
		Release|Any CPU = Release|Any CPU
	EndGlobalSection
	GlobalSection(ProjectConfigurationPlatforms) = postSolution
		{DB9D455A-8A79-43FF-B034-06524D5D6FBB}.Debug|Any CPU.ActiveCfg = Debug|Any CPU
		{DB9D455A-8A79-43FF-B034-06524D5D6FBB}.Debug|Any CPU.Build.0 = Debug|Any CPU
		{DB9D455A-8A79-43FF-B034-06524D5D6FBB}.Release|Any CPU.ActiveCfg = Release|Any CPU
		{DB9D455A-8A79-43FF-B034-06524D5D6FBB}.Release|Any CPU.Build.0 = Release|Any CPU
		{B00E4A5B-AB79-4681-AD79-8EB5E27412A5}.Debug|Any CPU.ActiveCfg = Debug|Any CPU
		{B00E4A5B-AB79-4681-AD79-8EB5E27412A5}.Debug|Any CPU.Build.0 = Debug|Any CPU
		{B00E4A5B-AB79-4681-AD79-8EB5E27412A5}.Release|Any CPU.ActiveCfg = Release|Any CPU
		{B00E4A5B-AB79-4681-AD79-8EB5E27412A5}.Release|Any CPU.Build.0 = Release|Any CPU
		{BA48DC1A-C9D0-4897-98E3-B699BF1B954F}.Debug|Any CPU.ActiveCfg = Debug|Any CPU
		{BA48DC1A-C9D0-4897-98E3-B699BF1B954F}.Debug|Any CPU.Build.0 = Debug|Any CPU
		{BA48DC1A-C9D0-4897-98E3-B699BF1B954F}.Release|Any CPU.ActiveCfg = Release|Any CPU
		{BA48DC1A-C9D0-4897-98E3-B699BF1B954F}.Release|Any CPU.Build.0 = Release|Any CPU
		{E3467910-56ED-4537-AC8F-56DC157D183B}.Debug|Any CPU.ActiveCfg = Debug|Any CPU
		{E3467910-56ED-4537-AC8F-56DC157D183B}.Debug|Any CPU.Build.0 = Debug|Any CPU
		{E3467910-56ED-4537-AC8F-56DC157D183B}.Release|Any CPU.ActiveCfg = Release|Any CPU
		{E3467910-56ED-4537-AC8F-56DC157D183B}.Release|Any CPU.Build.0 = Release|Any CPU
		{5DD812D2-0B7D-48B5-B162-33211D78EA91}.Debug|Any CPU.ActiveCfg = Debug|Any CPU
		{5DD812D2-0B7D-48B5-B162-33211D78EA91}.Debug|Any CPU.Build.0 = Debug|Any CPU
		{5DD812D2-0B7D-48B5-B162-33211D78EA91}.Release|Any CPU.ActiveCfg = Release|Any CPU
		{5DD812D2-0B7D-48B5-B162-33211D78EA91}.Release|Any CPU.Build.0 = Release|Any CPU
	EndGlobalSection
	GlobalSection(SolutionProperties) = preSolution
		HideSolutionNode = FALSE
	EndGlobalSection
	GlobalSection(ExtensibilityGlobals) = postSolution
		SolutionGuid = {E5112211-BCA0-470A-B519-B43C58DB1258}
	EndGlobalSection
EndGlobal
